// !$*UTF8*$!
{
	archiveVersion = 1;
	classes = {
	};
	objectVersion = 50;
	objects = {

/* Begin PBXBuildFile section */
		0405EE2A2237862D0066D47D /* AppDelegate.m in Sources */ = {isa = PBXBuildFile; fileRef = 0405EE292237862D0066D47D /* AppDelegate.m */; };
		0405EE2D2237862D0066D47D /* ViewController.m in Sources */ = {isa = PBXBuildFile; fileRef = 0405EE2C2237862D0066D47D /* ViewController.m */; };
		0405EE302237862D0066D47D /* Main.storyboard in Resources */ = {isa = PBXBuildFile; fileRef = 0405EE2E2237862D0066D47D /* Main.storyboard */; };
		0405EE32223786300066D47D /* Assets.xcassets in Resources */ = {isa = PBXBuildFile; fileRef = 0405EE31223786300066D47D /* Assets.xcassets */; };
		0405EE35223786300066D47D /* LaunchScreen.storyboard in Resources */ = {isa = PBXBuildFile; fileRef = 0405EE33223786300066D47D /* LaunchScreen.storyboard */; };
		0405EE38223786300066D47D /* main.m in Sources */ = {isa = PBXBuildFile; fileRef = 0405EE37223786300066D47D /* main.m */; };
		0405EE42223786300066D47D /* HHMasonryDemoTests.m in Sources */ = {isa = PBXBuildFile; fileRef = 0405EE41223786300066D47D /* HHMasonryDemoTests.m */; };
		0405EE4D223786300066D47D /* HHMasonryDemoUITests.m in Sources */ = {isa = PBXBuildFile; fileRef = 0405EE4C223786300066D47D /* HHMasonryDemoUITests.m */; };
		1ADB605CAADAF367F2223ADA /* libPods-HHMasonryDemoUITests.a in Frameworks */ = {isa = PBXBuildFile; fileRef = 3935230C7F238D08496319F5 /* libPods-HHMasonryDemoUITests.a */; };
		4806AEAD717400BE5DD3ED27 /* libPods-HHMasonryDemo.a in Frameworks */ = {isa = PBXBuildFile; fileRef = DE3EF0B5D0CAD915B53077C4 /* libPods-HHMasonryDemo.a */; };
		72F231D984E83E04546848B7 /* libPods-HHMasonryDemoTests.a in Frameworks */ = {isa = PBXBuildFile; fileRef = 211789B573CFA87D64B48D35 /* libPods-HHMasonryDemoTests.a */; };
/* End PBXBuildFile section */

/* Begin PBXContainerItemProxy section */
		0405EE3E223786300066D47D /* PBXContainerItemProxy */ = {
			isa = PBXContainerItemProxy;
			containerPortal = 0405EE1D2237862D0066D47D /* Project object */;
			proxyType = 1;
			remoteGlobalIDString = 0405EE242237862D0066D47D;
			remoteInfo = HHMasonryDemo;
		};
		0405EE49223786300066D47D /* PBXContainerItemProxy */ = {
			isa = PBXContainerItemProxy;
			containerPortal = 0405EE1D2237862D0066D47D /* Project object */;
			proxyType = 1;
			remoteGlobalIDString = 0405EE242237862D0066D47D;
			remoteInfo = HHMasonryDemo;
		};
/* End PBXContainerItemProxy section */

/* Begin PBXFileReference section */
		0405EE252237862D0066D47D /* HHMasonryDemo.app */ = {isa = PBXFileReference; explicitFileType = wrapper.application; includeInIndex = 0; path = HHMasonryDemo.app; sourceTree = BUILT_PRODUCTS_DIR; };
		0405EE282237862D0066D47D /* AppDelegate.h */ = {isa = PBXFileReference; lastKnownFileType = sourcecode.c.h; path = AppDelegate.h; sourceTree = "<group>"; };
		0405EE292237862D0066D47D /* AppDelegate.m */ = {isa = PBXFileReference; lastKnownFileType = sourcecode.c.objc; path = AppDelegate.m; sourceTree = "<group>"; };
		0405EE2B2237862D0066D47D /* ViewController.h */ = {isa = PBXFileReference; lastKnownFileType = sourcecode.c.h; path = ViewController.h; sourceTree = "<group>"; };
		0405EE2C2237862D0066D47D /* ViewController.m */ = {isa = PBXFileReference; lastKnownFileType = sourcecode.c.objc; path = ViewController.m; sourceTree = "<group>"; };
		0405EE2F2237862D0066D47D /* Base */ = {isa = PBXFileReference; lastKnownFileType = file.storyboard; name = Base; path = Base.lproj/Main.storyboard; sourceTree = "<group>"; };
		0405EE31223786300066D47D /* Assets.xcassets */ = {isa = PBXFileReference; lastKnownFileType = folder.assetcatalog; path = Assets.xcassets; sourceTree = "<group>"; };
		0405EE34223786300066D47D /* Base */ = {isa = PBXFileReference; lastKnownFileType = file.storyboard; name = Base; path = Base.lproj/LaunchScreen.storyboard; sourceTree = "<group>"; };
		0405EE36223786300066D47D /* Info.plist */ = {isa = PBXFileReference; lastKnownFileType = text.plist.xml; path = Info.plist; sourceTree = "<group>"; };
		0405EE37223786300066D47D /* main.m */ = {isa = PBXFileReference; lastKnownFileType = sourcecode.c.objc; path = main.m; sourceTree = "<group>"; };
		0405EE3D223786300066D47D /* HHMasonryDemoTests.xctest */ = {isa = PBXFileReference; explicitFileType = wrapper.cfbundle; includeInIndex = 0; path = HHMasonryDemoTests.xctest; sourceTree = BUILT_PRODUCTS_DIR; };
		0405EE41223786300066D47D /* HHMasonryDemoTests.m */ = {isa = PBXFileReference; lastKnownFileType = sourcecode.c.objc; path = HHMasonryDemoTests.m; sourceTree = "<group>"; };
		0405EE43223786300066D47D /* Info.plist */ = {isa = PBXFileReference; lastKnownFileType = text.plist.xml; path = Info.plist; sourceTree = "<group>"; };
		0405EE48223786300066D47D /* HHMasonryDemoUITests.xctest */ = {isa = PBXFileReference; explicitFileType = wrapper.cfbundle; includeInIndex = 0; path = HHMasonryDemoUITests.xctest; sourceTree = BUILT_PRODUCTS_DIR; };
		0405EE4C223786300066D47D /* HHMasonryDemoUITests.m */ = {isa = PBXFileReference; lastKnownFileType = sourcecode.c.objc; path = HHMasonryDemoUITests.m; sourceTree = "<group>"; };
		0405EE4E223786300066D47D /* Info.plist */ = {isa = PBXFileReference; lastKnownFileType = text.plist.xml; path = Info.plist; sourceTree = "<group>"; };
		211789B573CFA87D64B48D35 /* libPods-HHMasonryDemoTests.a */ = {isa = PBXFileReference; explicitFileType = archive.ar; includeInIndex = 0; path = "libPods-HHMasonryDemoTests.a"; sourceTree = BUILT_PRODUCTS_DIR; };
		33B370C1BE9CCB0E5DDCEABB /* Pods-HHMasonryDemoUITests.debug.xcconfig */ = {isa = PBXFileReference; includeInIndex = 1; lastKnownFileType = text.xcconfig; name = "Pods-HHMasonryDemoUITests.debug.xcconfig"; path = "Pods/Target Support Files/Pods-HHMasonryDemoUITests/Pods-HHMasonryDemoUITests.debug.xcconfig"; sourceTree = "<group>"; };
		3935230C7F238D08496319F5 /* libPods-HHMasonryDemoUITests.a */ = {isa = PBXFileReference; explicitFileType = archive.ar; includeInIndex = 0; path = "libPods-HHMasonryDemoUITests.a"; sourceTree = BUILT_PRODUCTS_DIR; };
		5D666A1D06D42DCE80B202C6 /* Pods-HHMasonryDemoUITests.release.xcconfig */ = {isa = PBXFileReference; includeInIndex = 1; lastKnownFileType = text.xcconfig; name = "Pods-HHMasonryDemoUITests.release.xcconfig"; path = "Pods/Target Support Files/Pods-HHMasonryDemoUITests/Pods-HHMasonryDemoUITests.release.xcconfig"; sourceTree = "<group>"; };
		5F45392D9D2900160B0525CC /* Pods-HHMasonryDemo.debug.xcconfig */ = {isa = PBXFileReference; includeInIndex = 1; lastKnownFileType = text.xcconfig; name = "Pods-HHMasonryDemo.debug.xcconfig"; path = "Pods/Target Support Files/Pods-HHMasonryDemo/Pods-HHMasonryDemo.debug.xcconfig"; sourceTree = "<group>"; };
		91F3A685637467F94505A364 /* Pods-HHMasonryDemoTests.release.xcconfig */ = {isa = PBXFileReference; includeInIndex = 1; lastKnownFileType = text.xcconfig; name = "Pods-HHMasonryDemoTests.release.xcconfig"; path = "Pods/Target Support Files/Pods-HHMasonryDemoTests/Pods-HHMasonryDemoTests.release.xcconfig"; sourceTree = "<group>"; };
		9AF85CF3AED4BDBFF9E33A14 /* Pods-HHMasonryDemoTests.debug.xcconfig */ = {isa = PBXFileReference; includeInIndex = 1; lastKnownFileType = text.xcconfig; name = "Pods-HHMasonryDemoTests.debug.xcconfig"; path = "Pods/Target Support Files/Pods-HHMasonryDemoTests/Pods-HHMasonryDemoTests.debug.xcconfig"; sourceTree = "<group>"; };
		A4619A8B9C0B6CCF8B1A79C1 /* Pods-HHMasonryDemo.release.xcconfig */ = {isa = PBXFileReference; includeInIndex = 1; lastKnownFileType = text.xcconfig; name = "Pods-HHMasonryDemo.release.xcconfig"; path = "Pods/Target Support Files/Pods-HHMasonryDemo/Pods-HHMasonryDemo.release.xcconfig"; sourceTree = "<group>"; };
		DE3EF0B5D0CAD915B53077C4 /* libPods-HHMasonryDemo.a */ = {isa = PBXFileReference; explicitFileType = archive.ar; includeInIndex = 0; path = "libPods-HHMasonryDemo.a"; sourceTree = BUILT_PRODUCTS_DIR; };
/* End PBXFileReference section */

/* Begin PBXFrameworksBuildPhase section */
		0405EE222237862D0066D47D /* Frameworks */ = {
			isa = PBXFrameworksBuildPhase;
			buildActionMask = 2147483647;
			files = (
				4806AEAD717400BE5DD3ED27 /* libPods-HHMasonryDemo.a in Frameworks */,
			);
			runOnlyForDeploymentPostprocessing = 0;
		};
		0405EE3A223786300066D47D /* Frameworks */ = {
			isa = PBXFrameworksBuildPhase;
			buildActionMask = 2147483647;
			files = (
				72F231D984E83E04546848B7 /* libPods-HHMasonryDemoTests.a in Frameworks */,
			);
			runOnlyForDeploymentPostprocessing = 0;
		};
		0405EE45223786300066D47D /* Frameworks */ = {
			isa = PBXFrameworksBuildPhase;
			buildActionMask = 2147483647;
			files = (
				1ADB605CAADAF367F2223ADA /* libPods-HHMasonryDemoUITests.a in Frameworks */,
			);
			runOnlyForDeploymentPostprocessing = 0;
		};
/* End PBXFrameworksBuildPhase section */

/* Begin PBXGroup section */
		0405EE1C2237862D0066D47D = {
			isa = PBXGroup;
			children = (
				0405EE272237862D0066D47D /* HHMasonryDemo */,
				0405EE40223786300066D47D /* HHMasonryDemoTests */,
				0405EE4B223786300066D47D /* HHMasonryDemoUITests */,
				0405EE262237862D0066D47D /* Products */,
				C8074581181901B0889B8865 /* Pods */,
				C03ABF06A994B582A9D0A6A5 /* Frameworks */,
			);
			sourceTree = "<group>";
		};
		0405EE262237862D0066D47D /* Products */ = {
			isa = PBXGroup;
			children = (
				0405EE252237862D0066D47D /* HHMasonryDemo.app */,
				0405EE3D223786300066D47D /* HHMasonryDemoTests.xctest */,
				0405EE48223786300066D47D /* HHMasonryDemoUITests.xctest */,
			);
			name = Products;
			sourceTree = "<group>";
		};
		0405EE272237862D0066D47D /* HHMasonryDemo */ = {
			isa = PBXGroup;
			children = (
				0405EE282237862D0066D47D /* AppDelegate.h */,
				0405EE292237862D0066D47D /* AppDelegate.m */,
				0405EE2B2237862D0066D47D /* ViewController.h */,
				0405EE2C2237862D0066D47D /* ViewController.m */,
				0405EE2E2237862D0066D47D /* Main.storyboard */,
				0405EE31223786300066D47D /* Assets.xcassets */,
				0405EE33223786300066D47D /* LaunchScreen.storyboard */,
				0405EE36223786300066D47D /* Info.plist */,
				0405EE37223786300066D47D /* main.m */,
			);
			path = HHMasonryDemo;
			sourceTree = "<group>";
		};
		0405EE40223786300066D47D /* HHMasonryDemoTests */ = {
			isa = PBXGroup;
			children = (
				0405EE41223786300066D47D /* HHMasonryDemoTests.m */,
				0405EE43223786300066D47D /* Info.plist */,
			);
			path = HHMasonryDemoTests;
			sourceTree = "<group>";
		};
		0405EE4B223786300066D47D /* HHMasonryDemoUITests */ = {
			isa = PBXGroup;
			children = (
				0405EE4C223786300066D47D /* HHMasonryDemoUITests.m */,
				0405EE4E223786300066D47D /* Info.plist */,
			);
			path = HHMasonryDemoUITests;
			sourceTree = "<group>";
		};
		C03ABF06A994B582A9D0A6A5 /* Frameworks */ = {
			isa = PBXGroup;
			children = (
				DE3EF0B5D0CAD915B53077C4 /* libPods-HHMasonryDemo.a */,
				211789B573CFA87D64B48D35 /* libPods-HHMasonryDemoTests.a */,
				3935230C7F238D08496319F5 /* libPods-HHMasonryDemoUITests.a */,
			);
			name = Frameworks;
			sourceTree = "<group>";
		};
		C8074581181901B0889B8865 /* Pods */ = {
			isa = PBXGroup;
			children = (
				5F45392D9D2900160B0525CC /* Pods-HHMasonryDemo.debug.xcconfig */,
				A4619A8B9C0B6CCF8B1A79C1 /* Pods-HHMasonryDemo.release.xcconfig */,
				9AF85CF3AED4BDBFF9E33A14 /* Pods-HHMasonryDemoTests.debug.xcconfig */,
				91F3A685637467F94505A364 /* Pods-HHMasonryDemoTests.release.xcconfig */,
				33B370C1BE9CCB0E5DDCEABB /* Pods-HHMasonryDemoUITests.debug.xcconfig */,
				5D666A1D06D42DCE80B202C6 /* Pods-HHMasonryDemoUITests.release.xcconfig */,
			);
			name = Pods;
			sourceTree = "<group>";
		};
/* End PBXGroup section */

/* Begin PBXNativeTarget section */
		0405EE242237862D0066D47D /* HHMasonryDemo */ = {
			isa = PBXNativeTarget;
			buildConfigurationList = 0405EE51223786300066D47D /* Build configuration list for PBXNativeTarget "HHMasonryDemo" */;
			buildPhases = (
				F52E701ABD15A453123A3D10 /* [CP] Check Pods Manifest.lock */,
				0405EE212237862D0066D47D /* Sources */,
				0405EE222237862D0066D47D /* Frameworks */,
				0405EE232237862D0066D47D /* Resources */,
			);
			buildRules = (
			);
			dependencies = (
			);
			name = HHMasonryDemo;
			productName = HHMasonryDemo;
			productReference = 0405EE252237862D0066D47D /* HHMasonryDemo.app */;
			productType = "com.apple.product-type.application";
		};
		0405EE3C223786300066D47D /* HHMasonryDemoTests */ = {
			isa = PBXNativeTarget;
			buildConfigurationList = 0405EE54223786300066D47D /* Build configuration list for PBXNativeTarget "HHMasonryDemoTests" */;
			buildPhases = (
				8AF5BF74148AC3E092149F75 /* [CP] Check Pods Manifest.lock */,
				0405EE39223786300066D47D /* Sources */,
				0405EE3A223786300066D47D /* Frameworks */,
				0405EE3B223786300066D47D /* Resources */,
			);
			buildRules = (
			);
			dependencies = (
				0405EE3F223786300066D47D /* PBXTargetDependency */,
			);
			name = HHMasonryDemoTests;
			productName = HHMasonryDemoTests;
			productReference = 0405EE3D223786300066D47D /* HHMasonryDemoTests.xctest */;
			productType = "com.apple.product-type.bundle.unit-test";
		};
		0405EE47223786300066D47D /* HHMasonryDemoUITests */ = {
			isa = PBXNativeTarget;
			buildConfigurationList = 0405EE57223786300066D47D /* Build configuration list for PBXNativeTarget "HHMasonryDemoUITests" */;
			buildPhases = (
				80387EE7803BAE60D1B43F21 /* [CP] Check Pods Manifest.lock */,
				0405EE44223786300066D47D /* Sources */,
				0405EE45223786300066D47D /* Frameworks */,
				0405EE46223786300066D47D /* Resources */,
			);
			buildRules = (
			);
			dependencies = (
				0405EE4A223786300066D47D /* PBXTargetDependency */,
			);
			name = HHMasonryDemoUITests;
			productName = HHMasonryDemoUITests;
			productReference = 0405EE48223786300066D47D /* HHMasonryDemoUITests.xctest */;
			productType = "com.apple.product-type.bundle.ui-testing";
		};
/* End PBXNativeTarget section */

/* Begin PBXProject section */
		0405EE1D2237862D0066D47D /* Project object */ = {
			isa = PBXProject;
			attributes = {
				LastUpgradeCheck = 1010;
				ORGANIZATIONNAME = HanHan;
				TargetAttributes = {
					0405EE242237862D0066D47D = {
						CreatedOnToolsVersion = 10.1;
					};
					0405EE3C223786300066D47D = {
						CreatedOnToolsVersion = 10.1;
						TestTargetID = 0405EE242237862D0066D47D;
					};
					0405EE47223786300066D47D = {
						CreatedOnToolsVersion = 10.1;
						TestTargetID = 0405EE242237862D0066D47D;
					};
				};
			};
			buildConfigurationList = 0405EE202237862D0066D47D /* Build configuration list for PBXProject "HHMasonryDemo" */;
			compatibilityVersion = "Xcode 9.3";
			developmentRegion = en;
			hasScannedForEncodings = 0;
			knownRegions = (
				en,
				Base,
			);
			mainGroup = 0405EE1C2237862D0066D47D;
			productRefGroup = 0405EE262237862D0066D47D /* Products */;
			projectDirPath = "";
			projectRoot = "";
			targets = (
				0405EE242237862D0066D47D /* HHMasonryDemo */,
				0405EE3C223786300066D47D /* HHMasonryDemoTests */,
				0405EE47223786300066D47D /* HHMasonryDemoUITests */,
			);
		};
/* End PBXProject section */

/* Begin PBXResourcesBuildPhase section */
		0405EE232237862D0066D47D /* Resources */ = {
			isa = PBXResourcesBuildPhase;
			buildActionMask = 2147483647;
			files = (
				0405EE35223786300066D47D /* LaunchScreen.storyboard in Resources */,
				0405EE32223786300066D47D /* Assets.xcassets in Resources */,
				0405EE302237862D0066D47D /* Main.storyboard in Resources */,
			);
			runOnlyForDeploymentPostprocessing = 0;
		};
		0405EE3B223786300066D47D /* Resources */ = {
			isa = PBXResourcesBuildPhase;
			buildActionMask = 2147483647;
			files = (
			);
			runOnlyForDeploymentPostprocessing = 0;
		};
		0405EE46223786300066D47D /* Resources */ = {
			isa = PBXResourcesBuildPhase;
			buildActionMask = 2147483647;
			files = (
			);
			runOnlyForDeploymentPostprocessing = 0;
		};
/* End PBXResourcesBuildPhase section */

/* Begin PBXShellScriptBuildPhase section */
		80387EE7803BAE60D1B43F21 /* [CP] Check Pods Manifest.lock */ = {
			isa = PBXShellScriptBuildPhase;
			buildActionMask = 2147483647;
			files = (
			);
			inputPaths = (
				"${PODS_PODFILE_DIR_PATH}/Podfile.lock",
				"${PODS_ROOT}/Manifest.lock",
			);
			name = "[CP] Check Pods Manifest.lock";
			outputPaths = (
				"$(DERIVED_FILE_DIR)/Pods-HHMasonryDemoUITests-checkManifestLockResult.txt",
			);
			runOnlyForDeploymentPostprocessing = 0;
			shellPath = /bin/sh;
			shellScript = "diff \"${PODS_PODFILE_DIR_PATH}/Podfile.lock\" \"${PODS_ROOT}/Manifest.lock\" > /dev/null\nif [ $? != 0 ] ; then\n    # print error to STDERR\n    echo \"error: The sandbox is not in sync with the Podfile.lock. Run 'pod install' or update your CocoaPods installation.\" >&2\n    exit 1\nfi\n# This output is used by Xcode 'outputs' to avoid re-running this script phase.\necho \"SUCCESS\" > \"${SCRIPT_OUTPUT_FILE_0}\"\n";
			showEnvVarsInLog = 0;
		};
		8AF5BF74148AC3E092149F75 /* [CP] Check Pods Manifest.lock */ = {
			isa = PBXShellScriptBuildPhase;
			buildActionMask = 2147483647;
			files = (
			);
			inputPaths = (
				"${PODS_PODFILE_DIR_PATH}/Podfile.lock",
				"${PODS_ROOT}/Manifest.lock",
			);
			name = "[CP] Check Pods Manifest.lock";
			outputPaths = (
				"$(DERIVED_FILE_DIR)/Pods-HHMasonryDemoTests-checkManifestLockResult.txt",
			);
			runOnlyForDeploymentPostprocessing = 0;
			shellPath = /bin/sh;
			shellScript = "diff \"${PODS_PODFILE_DIR_PATH}/Podfile.lock\" \"${PODS_ROOT}/Manifest.lock\" > /dev/null\nif [ $? != 0 ] ; then\n    # print error to STDERR\n    echo \"error: The sandbox is not in sync with the Podfile.lock. Run 'pod install' or update your CocoaPods installation.\" >&2\n    exit 1\nfi\n# This output is used by Xcode 'outputs' to avoid re-running this script phase.\necho \"SUCCESS\" > \"${SCRIPT_OUTPUT_FILE_0}\"\n";
			showEnvVarsInLog = 0;
		};
		F52E701ABD15A453123A3D10 /* [CP] Check Pods Manifest.lock */ = {
			isa = PBXShellScriptBuildPhase;
			buildActionMask = 2147483647;
			files = (
			);
			inputPaths = (
				"${PODS_PODFILE_DIR_PATH}/Podfile.lock",
				"${PODS_ROOT}/Manifest.lock",
			);
			name = "[CP] Check Pods Manifest.lock";
			outputPaths = (
				"$(DERIVED_FILE_DIR)/Pods-HHMasonryDemo-checkManifestLockResult.txt",
			);
			runOnlyForDeploymentPostprocessing = 0;
			shellPath = /bin/sh;
			shellScript = "diff \"${PODS_PODFILE_DIR_PATH}/Podfile.lock\" \"${PODS_ROOT}/Manifest.lock\" > /dev/null\nif [ $? != 0 ] ; then\n    # print error to STDERR\n    echo \"error: The sandbox is not in sync with the Podfile.lock. Run 'pod install' or update your CocoaPods installation.\" >&2\n    exit 1\nfi\n# This output is used by Xcode 'outputs' to avoid re-running this script phase.\necho \"SUCCESS\" > \"${SCRIPT_OUTPUT_FILE_0}\"\n";
			showEnvVarsInLog = 0;
		};
/* End PBXShellScriptBuildPhase section */

/* Begin PBXSourcesBuildPhase section */
		0405EE212237862D0066D47D /* Sources */ = {
			isa = PBXSourcesBuildPhase;
			buildActionMask = 2147483647;
			files = (
				0405EE2D2237862D0066D47D /* ViewController.m in Sources */,
				0405EE38223786300066D47D /* main.m in Sources */,
				0405EE2A2237862D0066D47D /* AppDelegate.m in Sources */,
			);
			runOnlyForDeploymentPostprocessing = 0;
		};
		0405EE39223786300066D47D /* Sources */ = {
			isa = PBXSourcesBuildPhase;
			buildActionMask = 2147483647;
			files = (
				0405EE42223786300066D47D /* HHMasonryDemoTests.m in Sources */,
			);
			runOnlyForDeploymentPostprocessing = 0;
		};
		0405EE44223786300066D47D /* Sources */ = {
			isa = PBXSourcesBuildPhase;
			buildActionMask = 2147483647;
			files = (
				0405EE4D223786300066D47D /* HHMasonryDemoUITests.m in Sources */,
			);
			runOnlyForDeploymentPostprocessing = 0;
		};
/* End PBXSourcesBuildPhase section */

/* Begin PBXTargetDependency section */
		0405EE3F223786300066D47D /* PBXTargetDependency */ = {
			isa = PBXTargetDependency;
			target = 0405EE242237862D0066D47D /* HHMasonryDemo */;
			targetProxy = 0405EE3E223786300066D47D /* PBXContainerItemProxy */;
		};
		0405EE4A223786300066D47D /* PBXTargetDependency */ = {
			isa = PBXTargetDependency;
			target = 0405EE242237862D0066D47D /* HHMasonryDemo */;
			targetProxy = 0405EE49223786300066D47D /* PBXContainerItemProxy */;
		};
/* End PBXTargetDependency section */

/* Begin PBXVariantGroup section */
		0405EE2E2237862D0066D47D /* Main.storyboard */ = {
			isa = PBXVariantGroup;
			children = (
				0405EE2F2237862D0066D47D /* Base */,
			);
			name = Main.storyboard;
			sourceTree = "<group>";
		};
		0405EE33223786300066D47D /* LaunchScreen.storyboard */ = {
			isa = PBXVariantGroup;
			children = (
				0405EE34223786300066D47D /* Base */,
			);
			name = LaunchScreen.storyboard;
			sourceTree = "<group>";
		};
/* End PBXVariantGroup section */

/* Begin XCBuildConfiguration section */
		0405EE4F223786300066D47D /* Debug */ = {
			isa = XCBuildConfiguration;
			buildSettings = {
				ALWAYS_SEARCH_USER_PATHS = NO;
				CLANG_ANALYZER_NONNULL = YES;
				CLANG_ANALYZER_NUMBER_OBJECT_CONVERSION = YES_AGGRESSIVE;
				CLANG_CXX_LANGUAGE_STANDARD = "gnu++14";
				CLANG_CXX_LIBRARY = "libc++";
				CLANG_ENABLE_MODULES = YES;
				CLANG_ENABLE_OBJC_ARC = YES;
				CLANG_ENABLE_OBJC_WEAK = YES;
				CLANG_WARN_BLOCK_CAPTURE_AUTORELEASING = YES;
				CLANG_WARN_BOOL_CONVERSION = YES;
				CLANG_WARN_COMMA = YES;
				CLANG_WARN_CONSTANT_CONVERSION = YES;
				CLANG_WARN_DEPRECATED_OBJC_IMPLEMENTATIONS = YES;
				CLANG_WARN_DIRECT_OBJC_ISA_USAGE = YES_ERROR;
				CLANG_WARN_DOCUMENTATION_COMMENTS = YES;
				CLANG_WARN_EMPTY_BODY = YES;
				CLANG_WARN_ENUM_CONVERSION = YES;
				CLANG_WARN_INFINITE_RECURSION = YES;
				CLANG_WARN_INT_CONVERSION = YES;
				CLANG_WARN_NON_LITERAL_NULL_CONVERSION = YES;
				CLANG_WARN_OBJC_IMPLICIT_RETAIN_SELF = YES;
				CLANG_WARN_OBJC_LITERAL_CONVERSION = YES;
				CLANG_WARN_OBJC_ROOT_CLASS = YES_ERROR;
				CLANG_WARN_RANGE_LOOP_ANALYSIS = YES;
				CLANG_WARN_STRICT_PROTOTYPES = YES;
				CLANG_WARN_SUSPICIOUS_MOVE = YES;
				CLANG_WARN_UNGUARDED_AVAILABILITY = YES_AGGRESSIVE;
				CLANG_WARN_UNREACHABLE_CODE = YES;
				CLANG_WARN__DUPLICATE_METHOD_MATCH = YES;
				CODE_SIGN_IDENTITY = "iPhone Developer";
				COPY_PHASE_STRIP = NO;
				DEBUG_INFORMATION_FORMAT = dwarf;
				ENABLE_STRICT_OBJC_MSGSEND = YES;
				ENABLE_TESTABILITY = YES;
				GCC_C_LANGUAGE_STANDARD = gnu11;
				GCC_DYNAMIC_NO_PIC = NO;
				GCC_NO_COMMON_BLOCKS = YES;
				GCC_OPTIMIZATION_LEVEL = 0;
				GCC_PREPROCESSOR_DEFINITIONS = (
					"DEBUG=1",
					"$(inherited)",
				);
				GCC_WARN_64_TO_32_BIT_CONVERSION = YES;
				GCC_WARN_ABOUT_RETURN_TYPE = YES_ERROR;
				GCC_WARN_UNDECLARED_SELECTOR = YES;
				GCC_WARN_UNINITIALIZED_AUTOS = YES_AGGRESSIVE;
				GCC_WARN_UNUSED_FUNCTION = YES;
				GCC_WARN_UNUSED_VARIABLE = YES;
				IPHONEOS_DEPLOYMENT_TARGET = 12.1;
				MTL_ENABLE_DEBUG_INFO = INCLUDE_SOURCE;
				MTL_FAST_MATH = YES;
				ONLY_ACTIVE_ARCH = YES;
				SDKROOT = iphoneos;
			};
			name = Debug;
		};
		0405EE50223786300066D47D /* Release */ = {
			isa = XCBuildConfiguration;
			buildSettings = {
				ALWAYS_SEARCH_USER_PATHS = NO;
				CLANG_ANALYZER_NONNULL = YES;
				CLANG_ANALYZER_NUMBER_OBJECT_CONVERSION = YES_AGGRESSIVE;
				CLANG_CXX_LANGUAGE_STANDARD = "gnu++14";
				CLANG_CXX_LIBRARY = "libc++";
				CLANG_ENABLE_MODULES = YES;
				CLANG_ENABLE_OBJC_ARC = YES;
				CLANG_ENABLE_OBJC_WEAK = YES;
				CLANG_WARN_BLOCK_CAPTURE_AUTORELEASING = YES;
				CLANG_WARN_BOOL_CONVERSION = YES;
				CLANG_WARN_COMMA = YES;
				CLANG_WARN_CONSTANT_CONVERSION = YES;
				CLANG_WARN_DEPRECATED_OBJC_IMPLEMENTATIONS = YES;
				CLANG_WARN_DIRECT_OBJC_ISA_USAGE = YES_ERROR;
				CLANG_WARN_DOCUMENTATION_COMMENTS = YES;
				CLANG_WARN_EMPTY_BODY = YES;
				CLANG_WARN_ENUM_CONVERSION = YES;
				CLANG_WARN_INFINITE_RECURSION = YES;
				CLANG_WARN_INT_CONVERSION = YES;
				CLANG_WARN_NON_LITERAL_NULL_CONVERSION = YES;
				CLANG_WARN_OBJC_IMPLICIT_RETAIN_SELF = YES;
				CLANG_WARN_OBJC_LITERAL_CONVERSION = YES;
				CLANG_WARN_OBJC_ROOT_CLASS = YES_ERROR;
				CLANG_WARN_RANGE_LOOP_ANALYSIS = YES;
				CLANG_WARN_STRICT_PROTOTYPES = YES;
				CLANG_WARN_SUSPICIOUS_MOVE = YES;
				CLANG_WARN_UNGUARDED_AVAILABILITY = YES_AGGRESSIVE;
				CLANG_WARN_UNREACHABLE_CODE = YES;
				CLANG_WARN__DUPLICATE_METHOD_MATCH = YES;
				CODE_SIGN_IDENTITY = "iPhone Developer";
				COPY_PHASE_STRIP = NO;
				DEBUG_INFORMATION_FORMAT = "dwarf-with-dsym";
				ENABLE_NS_ASSERTIONS = NO;
				ENABLE_STRICT_OBJC_MSGSEND = YES;
				GCC_C_LANGUAGE_STANDARD = gnu11;
				GCC_NO_COMMON_BLOCKS = YES;
				GCC_WARN_64_TO_32_BIT_CONVERSION = YES;
				GCC_WARN_ABOUT_RETURN_TYPE = YES_ERROR;
				GCC_WARN_UNDECLARED_SELECTOR = YES;
				GCC_WARN_UNINITIALIZED_AUTOS = YES_AGGRESSIVE;
				GCC_WARN_UNUSED_FUNCTION = YES;
				GCC_WARN_UNUSED_VARIABLE = YES;
				IPHONEOS_DEPLOYMENT_TARGET = 12.1;
				MTL_ENABLE_DEBUG_INFO = NO;
				MTL_FAST_MATH = YES;
				SDKROOT = iphoneos;
				VALIDATE_PRODUCT = YES;
			};
			name = Release;
		};
		0405EE52223786300066D47D /* Debug */ = {
			isa = XCBuildConfiguration;
			baseConfigurationReference = 5F45392D9D2900160B0525CC /* Pods-HHMasonryDemo.debug.xcconfig */;
			buildSettings = {
				ASSETCATALOG_COMPILER_APPICON_NAME = AppIcon;
				CODE_SIGN_STYLE = Automatic;
				DEVELOPMENT_TEAM = 3CE6K75AM8;
				INFOPLIST_FILE = HHMasonryDemo/Info.plist;
				LD_RUNPATH_SEARCH_PATHS = (
					"$(inherited)",
					"@executable_path/Frameworks",
				);
				PRODUCT_BUNDLE_IDENTIFIER = com.hanhan.HHMasonryDemo;
				PRODUCT_NAME = "$(TARGET_NAME)";
				TARGETED_DEVICE_FAMILY = "1,2";
			};
			name = Debug;
		};
		0405EE53223786300066D47D /* Release */ = {
			isa = XCBuildConfiguration;
			baseConfigurationReference = A4619A8B9C0B6CCF8B1A79C1 /* Pods-HHMasonryDemo.release.xcconfig */;
			buildSettings = {
				ASSETCATALOG_COMPILER_APPICON_NAME = AppIcon;
				CODE_SIGN_STYLE = Automatic;
				DEVELOPMENT_TEAM = 3CE6K75AM8;
				INFOPLIST_FILE = HHMasonryDemo/Info.plist;
				LD_RUNPATH_SEARCH_PATHS = (
					"$(inherited)",
					"@executable_path/Frameworks",
				);
				PRODUCT_BUNDLE_IDENTIFIER = com.hanhan.HHMasonryDemo;
				PRODUCT_NAME = "$(TARGET_NAME)";
				TARGETED_DEVICE_FAMILY = "1,2";
			};
			name = Release;
		};
		0405EE55223786300066D47D /* Debug */ = {
			isa = XCBuildConfiguration;
			baseConfigurationReference = 9AF85CF3AED4BDBFF9E33A14 /* Pods-HHMasonryDemoTests.debug.xcconfig */;
			buildSettings = {
				BUNDLE_LOADER = "$(TEST_HOST)";
				CODE_SIGN_STYLE = Automatic;
				INFOPLIST_FILE = HHMasonryDemoTests/Info.plist;
				LD_RUNPATH_SEARCH_PATHS = (
					"$(inherited)",
					"@executable_path/Frameworks",
					"@loader_path/Frameworks",
				);
				PRODUCT_BUNDLE_IDENTIFIER = com.hanhan.HHMasonryDemoTests;
				PRODUCT_NAME = "$(TARGET_NAME)";
				TARGETED_DEVICE_FAMILY = "1,2";
				TEST_HOST = "$(BUILT_PRODUCTS_DIR)/HHMasonryDemo.app/HHMasonryDemo";
			};
			name = Debug;
		};
		0405EE56223786300066D47D /* Release */ = {
			isa = XCBuildConfiguration;
			baseConfigurationReference = 91F3A685637467F94505A364 /* Pods-HHMasonryDemoTests.release.xcconfig */;
			buildSettings = {
				BUNDLE_LOADER = "$(TEST_HOST)";
				CODE_SIGN_STYLE = Automatic;
				INFOPLIST_FILE = HHMasonryDemoTests/Info.plist;
				LD_RUNPATH_SEARCH_PATHS = (
					"$(inherited)",
					"@executable_path/Frameworks",
					"@loader_path/Frameworks",
				);
				PRODUCT_BUNDLE_IDENTIFIER = com.hanhan.HHMasonryDemoTests;
				PRODUCT_NAME = "$(TARGET_NAME)";
				TARGETED_DEVICE_FAMILY = "1,2";
				TEST_HOST = "$(BUILT_PRODUCTS_DIR)/HHMasonryDemo.app/HHMasonryDemo";
			};
			name = Release;
		};
		0405EE58223786300066D47D /* Debug */ = {
			isa = XCBuildConfiguration;
			baseConfigurationReference = 33B370C1BE9CCB0E5DDCEABB /* Pods-HHMasonryDemoUITests.debug.xcconfig */;
			buildSettings = {
				CODE_SIGN_STYLE = Automatic;
				INFOPLIST_FILE = HHMasonryDemoUITests/Info.plist;
				LD_RUNPATH_SEARCH_PATHS = (
					"$(inherited)",
					"@executable_path/Frameworks",
					"@loader_path/Frameworks",
				);
				PRODUCT_BUNDLE_IDENTIFIER = com.hanhan.HHMasonryDemoUITests;
				PRODUCT_NAME = "$(TARGET_NAME)";
				TARGETED_DEVICE_FAMILY = "1,2";
				TEST_TARGET_NAME = HHMasonryDemo;
			};
			name = Debug;
		};
		0405EE59223786300066D47D /* Release */ = {
			isa = XCBuildConfiguration;
			baseConfigurationReference = 5D666A1D06D42DCE80B202C6 /* Pods-HHMasonryDemoUITests.release.xcconfig */;
			buildSettings = {
				CODE_SIGN_STYLE = Automatic;
				INFOPLIST_FILE = HHMasonryDemoUITests/Info.plist;
				LD_RUNPATH_SEARCH_PATHS = (
					"$(inherited)",
					"@executable_path/Frameworks",
					"@loader_path/Frameworks",
				);
				PRODUCT_BUNDLE_IDENTIFIER = com.hanhan.HHMasonryDemoUITests;
				PRODUCT_NAME = "$(TARGET_NAME)";
				TARGETED_DEVICE_FAMILY = "1,2";
				TEST_TARGET_NAME = HHMasonryDemo;
			};
			name = Release;
		};
/* End XCBuildConfiguration section */

/* Begin XCConfigurationList section */
		0405EE202237862D0066D47D /* Build configuration list for PBXProject "HHMasonryDemo" */ = {
			isa = XCConfigurationList;
			buildConfigurations = (
				0405EE4F223786300066D47D /* Debug */,
				0405EE50223786300066D47D /* Release */,
			);
			defaultConfigurationIsVisible = 0;
			defaultConfigurationName = Release;
		};
		0405EE51223786300066D47D /* Build configuration list for PBXNativeTarget "HHMasonryDemo" */ = {
			isa = XCConfigurationList;
			buildConfigurations = (
				0405EE52223786300066D47D /* Debug */,
				0405EE53223786300066D47D /* Release */,
			);
			defaultConfigurationIsVisible = 0;
			defaultConfigurationName = Release;
		};
		0405EE54223786300066D47D /* Build configuration list for PBXNativeTarget "HHMasonryDemoTests" */ = {
			isa = XCConfigurationList;
			buildConfigurations = (
				0405EE55223786300066D47D /* Debug */,
				0405EE56223786300066D47D /* Release */,
			);
			defaultConfigurationIsVisible = 0;
			defaultConfigurationName = Release;
		};
		0405EE57223786300066D47D /* Build configuration list for PBXNativeTarget "HHMasonryDemoUITests" */ = {
			isa = XCConfigurationList;
			buildConfigurations = (
				0405EE58223786300066D47D /* Debug */,
				0405EE59223786300066D47D /* Release */,
			);
			defaultConfigurationIsVisible = 0;
			defaultConfigurationName = Release;
		};
/* End XCConfigurationList section */
	};
	rootObject = 0405EE1D2237862D0066D47D /* Project object */;
}
